// !$*UTF8*$!
{
	archiveVersion = 1;
	classes = {
	};
	objectVersion = 46;
	objects = {

/* Begin PBXBuildFile section */
		0DDBB10C9EE0108CE86B0204 /* include_juce_audio_formats.mm */ = {isa = PBXBuildFile; fileRef = 63440B4E56C6759521011C75; };
		1039BA8989F78145F3D1B8EC /* include_juce_audio_processors_lv2_libs.cpp */ = {isa = PBXBuildFile; fileRef = 66F5A0B6ECC002CEE5230E6A; };
		113782664582DC3053CC828E /* include_juce_audio_basics.mm */ = {isa = PBXBuildFile; fileRef = 12622CF43CFE17EA5C632F61; };
		1546353ABFE8A24A2319CA1E /* include_juce_gui_basics.mm */ = {isa = PBXBuildFile; fileRef = 394199FF217737CC6E54B9B1; };
		16630E000B179020206C61AD /* include_juce_audio_processors_ara.cpp */ = {isa = PBXBuildFile; fileRef = 54DF2CD1D3ACB092A669BD18; };
		1A4F18048CEBDFA4E908FD73 /* CoreAudio.framework */ = {isa = PBXBuildFile; fileRef = F954F5DCBFAAA85F366B57DE; };
		33FA2D57A8069ADDFB313159 /* include_juce_audio_devices.mm */ = {isa = PBXBuildFile; fileRef = B9203F73B0157EBCD9BE5B5D; };
		435FEF8C7F56732E08058669 /* MainComponent.cpp */ = {isa = PBXBuildFile; fileRef = CA79DB5018A0758F19188FAD; };
		53D66E7C12C30A61626C0A5B /* include_juce_audio_processors.mm */ = {isa = PBXBuildFile; fileRef = 44F7EA7C05D8344F04B56640; };
		5D872D9E400C51D5881EC6F8 /* include_juce_data_structures.mm */ = {isa = PBXBuildFile; fileRef = 7A39BA07A51583714D3ADA8D; };
		60457B14A5475A32E0764A82 /* WebKit.framework */ = {isa = PBXBuildFile; fileRef = 3AE77711912F1A7FE6937DDF; };
		766D7A123AA538E671B4279D /* include_juce_audio_utils.mm */ = {isa = PBXBuildFile; fileRef = 6E2E6F5F69C15A67048A3DA1; };
		7FE7CEBB5F77C2629291A5FF /* Foundation.framework */ = {isa = PBXBuildFile; fileRef = C6C6C5FDC29A10A155F6A71E; };
		80A86FB657526C5D2939D996 /* CoreAudioKit.framework */ = {isa = PBXBuildFile; fileRef = 0125B80901AF43902122FB79; };
		8E67A3A6E59FD627C55E626B /* Main.cpp */ = {isa = PBXBuildFile; fileRef = 56B34495860A1B8B474AA0A0; };
		8EFB0D6362B3AC5B8E5F71BF /* QuartzCore.framework */ = {isa = PBXBuildFile; fileRef = FAF1809E7F25922DA2DE94F7; };
		A9169E1A381FC77E40EFBEE7 /* IOKit.framework */ = {isa = PBXBuildFile; fileRef = 6D9CA8193500376321B8DB92; };
		B3640BBCDE2ABF18A84EB8FD /* include_juce_gui_extra.mm */ = {isa = PBXBuildFile; fileRef = 5B30A07A9EA7D365238840BA; };
		BBCE1706939F949CDB0DF95D /* include_juce_graphics.mm */ = {isa = PBXBuildFile; fileRef = 3C26D24E1B8CCEF55ADC5819; };
		C55BB26AF23C2654BD23DDEF /* include_juce_events.mm */ = {isa = PBXBuildFile; fileRef = A75D9276ED509A5A643752D4; };
		CBE438E9AA6DB54781AAC79F /* CoreMIDI.framework */ = {isa = PBXBuildFile; fileRef = 0026BBA189BAA02964301F51; };
		D1B63242799B5A8E2923D7A7 /* RecentFilesMenuTemplate.nib */ = {isa = PBXBuildFile; fileRef = F69A8997BA8A0A24E550D71B; };
		D34CCE0CCF1B2FC24EDCCC93 /* DiscRecording.framework */ = {isa = PBXBuildFile; fileRef = 4BCA6EB808DD5023456900F0; };
		D421469A741D5E95C65CF83D /* include_juce_core.mm */ = {isa = PBXBuildFile; fileRef = 99C534FE2D38BCD535AD335C; };
		D78CD03AC83F4D713740425C /* Cocoa.framework */ = {isa = PBXBuildFile; fileRef = 52A7E5EA4E5DAFD60819413B; };
		E018CD6576DB30209085795F /* AudioToolbox.framework */ = {isa = PBXBuildFile; fileRef = 465051127120B2C33A20E2A3; };
		E75D15B2C1EB35F78CBEF1C5 /* App */ = {isa = PBXBuildFile; fileRef = CD5A9172E7678DDED233E003; };
		F85A89114F92A99308A8A22C /* Accelerate.framework */ = {isa = PBXBuildFile; fileRef = 86CAC37626DBFB1E31374F2E; };
/* End PBXBuildFile section */

/* Begin PBXFileReference section */
		0026BBA189BAA02964301F51 /* CoreMIDI.framework */ /* CoreMIDI.framework */ = {isa = PBXFileReference; lastKnownFileType = wrapper.framework; name = CoreMIDI.framework; path = System/Library/Frameworks/CoreMIDI.framework; sourceTree = SDKROOT; };
		0125B80901AF43902122FB79 /* CoreAudioKit.framework */ /* CoreAudioKit.framework */ = {isa = PBXFileReference; lastKnownFileType = wrapper.framework; name = CoreAudioKit.framework; path = System/Library/Frameworks/CoreAudioKit.framework; sourceTree = SDKROOT; };
		0C80B0C3B37CF5A367D96AA5 /* JuceHeader.h */ /* JuceHeader.h */ = {isa = PBXFileReference; lastKnownFileType = sourcecode.c.h; name = JuceHeader.h; path = ../../JuceLibraryCode/JuceHeader.h; sourceTree = SOURCE_ROOT; };
		12622CF43CFE17EA5C632F61 /* include_juce_audio_basics.mm */ /* include_juce_audio_basics.mm */ = {isa = PBXFileReference; lastKnownFileType = sourcecode.cpp.objcpp; name = include_juce_audio_basics.mm; path = ../../JuceLibraryCode/include_juce_audio_basics.mm; sourceTree = SOURCE_ROOT; };
		2F290B1D5EC98555A8493C6D /* juce_gui_basics */ /* juce_gui_basics */ = {isa = PBXFileReference; lastKnownFileType = folder; name = juce_gui_basics; path = "~/JUCE/modules/juce_gui_basics"; sourceTree = "<absolute>"; };
		394199FF217737CC6E54B9B1 /* include_juce_gui_basics.mm */ /* include_juce_gui_basics.mm */ = {isa = PBXFileReference; lastKnownFileType = sourcecode.cpp.objcpp; name = include_juce_gui_basics.mm; path = ../../JuceLibraryCode/include_juce_gui_basics.mm; sourceTree = SOURCE_ROOT; };
		3AE77711912F1A7FE6937DDF /* WebKit.framework */ /* WebKit.framework */ = {isa = PBXFileReference; lastKnownFileType = wrapper.framework; name = WebKit.framework; path = System/Library/Frameworks/WebKit.framework; sourceTree = SDKROOT; };
		3C26D24E1B8CCEF55ADC5819 /* include_juce_graphics.mm */ /* include_juce_graphics.mm */ = {isa = PBXFileReference; lastKnownFileType = sourcecode.cpp.objcpp; name = include_juce_graphics.mm; path = ../../JuceLibraryCode/include_juce_graphics.mm; sourceTree = SOURCE_ROOT; };
		3D846AC4F39251348CAFC208 /* juce_graphics */ /* juce_graphics */ = {isa = PBXFileReference; lastKnownFileType = folder; name = juce_graphics; path = "~/JUCE/modules/juce_graphics"; sourceTree = "<absolute>"; };
		3F61C459649D742B58838FC4 /* MainComponent.h */ /* MainComponent.h */ = {isa = PBXFileReference; lastKnownFileType = sourcecode.c.h; name = MainComponent.h; path = ../../Source/MainComponent.h; sourceTree = SOURCE_ROOT; };
		44F7EA7C05D8344F04B56640 /* include_juce_audio_processors.mm */ /* include_juce_audio_processors.mm */ = {isa = PBXFileReference; lastKnownFileType = sourcecode.cpp.objcpp; name = include_juce_audio_processors.mm; path = ../../JuceLibraryCode/include_juce_audio_processors.mm; sourceTree = SOURCE_ROOT; };
		465051127120B2C33A20E2A3 /* AudioToolbox.framework */ /* AudioToolbox.framework */ = {isa = PBXFileReference; lastKnownFileType = wrapper.framework; name = AudioToolbox.framework; path = System/Library/Frameworks/AudioToolbox.framework; sourceTree = SDKROOT; };
		46B588082063CEB1187DBAD7 /* juce_audio_devices */ /* juce_audio_devices */ = {isa = PBXFileReference; lastKnownFileType = folder; name = juce_audio_devices; path = "~/JUCE/modules/juce_audio_devices"; sourceTree = "<absolute>"; };
		4BCA6EB808DD5023456900F0 /* DiscRecording.framework */ /* DiscRecording.framework */ = {isa = PBXFileReference; lastKnownFileType = wrapper.framework; name = DiscRecording.framework; path = System/Library/Frameworks/DiscRecording.framework; sourceTree = SDKROOT; };
		5268A0DDDAD59C0D183455FF /* juce_audio_utils */ /* juce_audio_utils */ = {isa = PBXFileReference; lastKnownFileType = folder; name = juce_audio_utils; path = "~/JUCE/modules/juce_audio_utils"; sourceTree = "<absolute>"; };
		52A7E5EA4E5DAFD60819413B /* Cocoa.framework */ /* Cocoa.framework */ = {isa = PBXFileReference; lastKnownFileType = wrapper.framework; name = Cocoa.framework; path = System/Library/Frameworks/Cocoa.framework; sourceTree = SDKROOT; };
		54DF2CD1D3ACB092A669BD18 /* include_juce_audio_processors_ara.cpp */ /* include_juce_audio_processors_ara.cpp */ = {isa = PBXFileReference; lastKnownFileType = sourcecode.cpp.cpp; name = include_juce_audio_processors_ara.cpp; path = ../../JuceLibraryCode/include_juce_audio_processors_ara.cpp; sourceTree = SOURCE_ROOT; };
		56B34495860A1B8B474AA0A0 /* Main.cpp */ /* Main.cpp */ = {isa = PBXFileReference; lastKnownFileType = sourcecode.cpp.cpp; name = Main.cpp; path = ../../Source/Main.cpp; sourceTree = SOURCE_ROOT; };
		5B30A07A9EA7D365238840BA /* include_juce_gui_extra.mm */ /* include_juce_gui_extra.mm */ = {isa = PBXFileReference; lastKnownFileType = sourcecode.cpp.objcpp; name = include_juce_gui_extra.mm; path = ../../JuceLibraryCode/include_juce_gui_extra.mm; sourceTree = SOURCE_ROOT; };
		63440B4E56C6759521011C75 /* include_juce_audio_formats.mm */ /* include_juce_audio_formats.mm */ = {isa = PBXFileReference; lastKnownFileType = sourcecode.cpp.objcpp; name = include_juce_audio_formats.mm; path = ../../JuceLibraryCode/include_juce_audio_formats.mm; sourceTree = SOURCE_ROOT; };
		65C5DF0E5A36665E665B1C33 /* juce_core */ /* juce_core */ = {isa = PBXFileReference; lastKnownFileType = folder; name = juce_core; path = "~/JUCE/modules/juce_core"; sourceTree = "<absolute>"; };
		66F5A0B6ECC002CEE5230E6A /* include_juce_audio_processors_lv2_libs.cpp */ /* include_juce_audio_processors_lv2_libs.cpp */ = {isa = PBXFileReference; lastKnownFileType = sourcecode.cpp.cpp; name = include_juce_audio_processors_lv2_libs.cpp; path = ../../JuceLibraryCode/include_juce_audio_processors_lv2_libs.cpp; sourceTree = SOURCE_ROOT; };
		6D9CA8193500376321B8DB92 /* IOKit.framework */ /* IOKit.framework */ = {isa = PBXFileReference; lastKnownFileType = wrapper.framework; name = IOKit.framework; path = System/Library/Frameworks/IOKit.framework; sourceTree = SDKROOT; };
		6E2E6F5F69C15A67048A3DA1 /* include_juce_audio_utils.mm */ /* include_juce_audio_utils.mm */ = {isa = PBXFileReference; lastKnownFileType = sourcecode.cpp.objcpp; name = include_juce_audio_utils.mm; path = ../../JuceLibraryCode/include_juce_audio_utils.mm; sourceTree = SOURCE_ROOT; };
		734347A1CA27A771FF76E304 /* Info-App.plist */ /* Info-App.plist */ = {isa = PBXFileReference; lastKnownFileType = text.plist.xml; name = "Info-App.plist"; path = "Info-App.plist"; sourceTree = SOURCE_ROOT; };
		7A39BA07A51583714D3ADA8D /* include_juce_data_structures.mm */ /* include_juce_data_structures.mm */ = {isa = PBXFileReference; lastKnownFileType = sourcecode.cpp.objcpp; name = include_juce_data_structures.mm; path = ../../JuceLibraryCode/include_juce_data_structures.mm; sourceTree = SOURCE_ROOT; };
		86CAC37626DBFB1E31374F2E /* Accelerate.framework */ /* Accelerate.framework */ = {isa = PBXFileReference; lastKnownFileType = wrapper.framework; name = Accelerate.framework; path = System/Library/Frameworks/Accelerate.framework; sourceTree = SDKROOT; };
		99C534FE2D38BCD535AD335C /* include_juce_core.mm */ /* include_juce_core.mm */ = {isa = PBXFileReference; lastKnownFileType = sourcecode.cpp.objcpp; name = include_juce_core.mm; path = ../../JuceLibraryCode/include_juce_core.mm; sourceTree = SOURCE_ROOT; };
		A3F77164E78471936C798349 /* juce_audio_formats */ /* juce_audio_formats */ = {isa = PBXFileReference; lastKnownFileType = folder; name = juce_audio_formats; path = "~/JUCE/modules/juce_audio_formats"; sourceTree = "<absolute>"; };
		A75D9276ED509A5A643752D4 /* include_juce_events.mm */ /* include_juce_events.mm */ = {isa = PBXFileReference; lastKnownFileType = sourcecode.cpp.objcpp; name = include_juce_events.mm; path = ../../JuceLibraryCode/include_juce_events.mm; sourceTree = SOURCE_ROOT; };
		B9203F73B0157EBCD9BE5B5D /* include_juce_audio_devices.mm */ /* include_juce_audio_devices.mm */ = {isa = PBXFileReference; lastKnownFileType = sourcecode.cpp.objcpp; name = include_juce_audio_devices.mm; path = ../../JuceLibraryCode/include_juce_audio_devices.mm; sourceTree = SOURCE_ROOT; };
		C6C6C5FDC29A10A155F6A71E /* Foundation.framework */ /* Foundation.framework */ = {isa = PBXFileReference; lastKnownFileType = wrapper.framework; name = Foundation.framework; path = System/Library/Frameworks/Foundation.framework; sourceTree = SDKROOT; };
		CA79DB5018A0758F19188FAD /* MainComponent.cpp */ /* MainComponent.cpp */ = {isa = PBXFileReference; lastKnownFileType = sourcecode.cpp.cpp; name = MainComponent.cpp; path = ../../Source/MainComponent.cpp; sourceTree = SOURCE_ROOT; };
		CC66EE56817EF9EC2D4C7E4D /* juce_data_structures */ /* juce_data_structures */ = {isa = PBXFileReference; lastKnownFileType = folder; name = juce_data_structures; path = "~/JUCE/modules/juce_data_structures"; sourceTree = "<absolute>"; };
		CD5A9172E7678DDED233E003 /* App */ = {isa = PBXFileReference; explicitFileType = wrapper.application; includeInIndex = 0; path = PdRemote.app; sourceTree = BUILT_PRODUCTS_DIR; };
		D2DF07637C405893B36B4464 /* juce_audio_basics */ /* juce_audio_basics */ = {isa = PBXFileReference; lastKnownFileType = folder; name = juce_audio_basics; path = "~/JUCE/modules/juce_audio_basics"; sourceTree = "<absolute>"; };
		E00B802D6873D32C0BBDD25C /* juce_events */ /* juce_events */ = {isa = PBXFileReference; lastKnownFileType = folder; name = juce_events; path = "~/JUCE/modules/juce_events"; sourceTree = "<absolute>"; };
		EF9F8F95BDE7AC2FFFFC97B1 /* juce_audio_processors */ /* juce_audio_processors */ = {isa = PBXFileReference; lastKnownFileType = folder; name = juce_audio_processors; path = "~/JUCE/modules/juce_audio_processors"; sourceTree = "<absolute>"; };
		F69A8997BA8A0A24E550D71B /* RecentFilesMenuTemplate.nib */ /* RecentFilesMenuTemplate.nib */ = {isa = PBXFileReference; lastKnownFileType = file.nib; name = RecentFilesMenuTemplate.nib; path = RecentFilesMenuTemplate.nib; sourceTree = SOURCE_ROOT; };
		F776BD62F62D473E2585BC31 /* juce_gui_extra */ /* juce_gui_extra */ = {isa = PBXFileReference; lastKnownFileType = folder; name = juce_gui_extra; path = "~/JUCE/modules/juce_gui_extra"; sourceTree = "<absolute>"; };
		F954F5DCBFAAA85F366B57DE /* CoreAudio.framework */ /* CoreAudio.framework */ = {isa = PBXFileReference; lastKnownFileType = wrapper.framework; name = CoreAudio.framework; path = System/Library/Frameworks/CoreAudio.framework; sourceTree = SDKROOT; };
		FAF1809E7F25922DA2DE94F7 /* QuartzCore.framework */ /* QuartzCore.framework */ = {isa = PBXFileReference; lastKnownFileType = wrapper.framework; name = QuartzCore.framework; path = System/Library/Frameworks/QuartzCore.framework; sourceTree = SDKROOT; };
/* End PBXFileReference section */

/* Begin PBXFrameworksBuildPhase section */
		898E4A7B6EB63C7F13057FD3 = {
			isa = PBXFrameworksBuildPhase;
			buildActionMask = 2147483647;
			files = (
				F85A89114F92A99308A8A22C,
				E018CD6576DB30209085795F,
				D78CD03AC83F4D713740425C,
				1A4F18048CEBDFA4E908FD73,
				80A86FB657526C5D2939D996,
				CBE438E9AA6DB54781AAC79F,
				D34CCE0CCF1B2FC24EDCCC93,
				7FE7CEBB5F77C2629291A5FF,
				A9169E1A381FC77E40EFBEE7,
				8EFB0D6362B3AC5B8E5F71BF,
				60457B14A5475A32E0764A82,
			);
			runOnlyForDeploymentPostprocessing = 0;
		};
/* End PBXFrameworksBuildPhase section */

/* Begin PBXGroup section */
		1E83CC335025F5C78F50AAFA /* JUCE Modules */ = {
			isa = PBXGroup;
			children = (
				D2DF07637C405893B36B4464,
				46B588082063CEB1187DBAD7,
				A3F77164E78471936C798349,
				EF9F8F95BDE7AC2FFFFC97B1,
				5268A0DDDAD59C0D183455FF,
				65C5DF0E5A36665E665B1C33,
				CC66EE56817EF9EC2D4C7E4D,
				E00B802D6873D32C0BBDD25C,
				3D846AC4F39251348CAFC208,
				2F290B1D5EC98555A8493C6D,
				F776BD62F62D473E2585BC31,
			);
			name = "JUCE Modules";
			sourceTree = "<group>";
		};
		1ECB805381B0FD50878B0987 /* Frameworks */ = {
			isa = PBXGroup;
			children = (
				86CAC37626DBFB1E31374F2E,
				465051127120B2C33A20E2A3,
				52A7E5EA4E5DAFD60819413B,
				F954F5DCBFAAA85F366B57DE,
				0125B80901AF43902122FB79,
				0026BBA189BAA02964301F51,
				4BCA6EB808DD5023456900F0,
				C6C6C5FDC29A10A155F6A71E,
				6D9CA8193500376321B8DB92,
				FAF1809E7F25922DA2DE94F7,
				3AE77711912F1A7FE6937DDF,
			);
			name = Frameworks;
			sourceTree = "<group>";
		};
		45B8C3C0AA79372AE07C629A /* Source */ = {
			isa = PBXGroup;
			children = (
				8A953FBD277AB721F7EB3157,
				1E83CC335025F5C78F50AAFA,
				92E550438E808F3A42111372,
				5EBA8A805178613FD360BF6B,
				1ECB805381B0FD50878B0987,
				58F0B9DEC320E887C2DF7510,
			);
			name = Source;
			sourceTree = "<group>";
		};
		58F0B9DEC320E887C2DF7510 /* Products */ = {
			isa = PBXGroup;
			children = (
				CD5A9172E7678DDED233E003,
			);
			name = Products;
			sourceTree = "<group>";
		};
		5EBA8A805178613FD360BF6B /* Resources */ = {
			isa = PBXGroup;
			children = (
				734347A1CA27A771FF76E304,
				F69A8997BA8A0A24E550D71B,
			);
			name = Resources;
			sourceTree = "<group>";
		};
		8A953FBD277AB721F7EB3157 /* PdRemote */ = {
			isa = PBXGroup;
			children = (
				F3B802EEA71062ECE8096D9F,
			);
			name = PdRemote;
			sourceTree = "<group>";
		};
		92E550438E808F3A42111372 /* JUCE Library Code */ = {
			isa = PBXGroup;
			children = (
				12622CF43CFE17EA5C632F61,
				B9203F73B0157EBCD9BE5B5D,
				63440B4E56C6759521011C75,
				44F7EA7C05D8344F04B56640,
				54DF2CD1D3ACB092A669BD18,
				66F5A0B6ECC002CEE5230E6A,
				6E2E6F5F69C15A67048A3DA1,
				99C534FE2D38BCD535AD335C,
				7A39BA07A51583714D3ADA8D,
				A75D9276ED509A5A643752D4,
				3C26D24E1B8CCEF55ADC5819,
				394199FF217737CC6E54B9B1,
				5B30A07A9EA7D365238840BA,
				0C80B0C3B37CF5A367D96AA5,
			);
			name = "JUCE Library Code";
			sourceTree = "<group>";
		};
		F3B802EEA71062ECE8096D9F /* Source */ = {
			isa = PBXGroup;
			children = (
				56B34495860A1B8B474AA0A0,
				3F61C459649D742B58838FC4,
				CA79DB5018A0758F19188FAD,
			);
			name = Source;
			sourceTree = "<group>";
		};
/* End PBXGroup section */

/* Begin PBXNativeTarget section */
		E886175E249D9DCA53EA2B50 /* PdRemote - App */ = {
			isa = PBXNativeTarget;
			buildConfigurationList = B984615E01068A4BD8CBC1D5;
			buildPhases = (
				5BDF6EA424FF3AAB6D92772B,
				E16DC3085C35FF59EF54084C,
				898E4A7B6EB63C7F13057FD3,
			);
			buildRules = (
			);
			dependencies = (
			);
			name = "PdRemote - App";
			productName = PdRemote;
			productReference = CD5A9172E7678DDED233E003;
			productType = "com.apple.product-type.application";
		};
/* End PBXNativeTarget section */

/* Begin PBXProject section */
		FD161352B9DF10A51F798543 = {
			isa = PBXProject;
			attributes = {
				LastUpgradeCheck = 1320;
				ORGANIZATIONNAME = "";
				TargetAttributes = {
					E886175E249D9DCA53EA2B50 = {
						SystemCapabilities = {
							com.apple.ApplicationGroups.iOS = {
								enabled = 0;
							};
							com.apple.HardenedRuntime = {
								enabled = 0;
							};
							com.apple.InAppPurchase = {
								enabled = 0;
							};
							com.apple.InterAppAudio = {
								enabled = 0;
							};
							com.apple.Push = {
								enabled = 0;
							};
							com.apple.Sandbox = {
								enabled = 0;
							};
						};
					};
				};
			};
			buildConfigurationList = AA958E4A3CDF31A6981CE0CA;
			compatibilityVersion = "Xcode 3.2";
			hasScannedForEncodings = 0;
			knownRegions = (
				en,
				Base,
			);
			mainGroup = 45B8C3C0AA79372AE07C629A;
			projectDirPath = "";
			projectRoot = "";
			targets = (
				E886175E249D9DCA53EA2B50,
			);
		};
/* End PBXProject section */

/* Begin PBXResourcesBuildPhase section */
		5BDF6EA424FF3AAB6D92772B = {
			isa = PBXResourcesBuildPhase;
			buildActionMask = 2147483647;
			files = (
				D1B63242799B5A8E2923D7A7,
			);
			runOnlyForDeploymentPostprocessing = 0;
		};
/* End PBXResourcesBuildPhase section */

/* Begin PBXSourcesBuildPhase section */
		E16DC3085C35FF59EF54084C = {
			isa = PBXSourcesBuildPhase;
			buildActionMask = 2147483647;
			files = (
				8E67A3A6E59FD627C55E626B,
				435FEF8C7F56732E08058669,
				113782664582DC3053CC828E,
				33FA2D57A8069ADDFB313159,
				0DDBB10C9EE0108CE86B0204,
				53D66E7C12C30A61626C0A5B,
				16630E000B179020206C61AD,
				1039BA8989F78145F3D1B8EC,
				766D7A123AA538E671B4279D,
				D421469A741D5E95C65CF83D,
				5D872D9E400C51D5881EC6F8,
				C55BB26AF23C2654BD23DDEF,
				BBCE1706939F949CDB0DF95D,
				1546353ABFE8A24A2319CA1E,
				B3640BBCDE2ABF18A84EB8FD,
			);
			runOnlyForDeploymentPostprocessing = 0;
		};
/* End PBXSourcesBuildPhase section */

/* Begin XCBuildConfiguration section */
		468830AF00845E36A9818A96 /* Debug */ = {
			isa = XCBuildConfiguration;
			buildSettings = {
				ALWAYS_SEARCH_USER_PATHS = NO;
				CLANG_ENABLE_OBJC_WEAK = YES;
				CLANG_WARN_BLOCK_CAPTURE_AUTORELEASING = YES;
				CLANG_WARN_BOOL_CONVERSION = YES;
				CLANG_WARN_COMMA = YES;
				CLANG_WARN_CONSTANT_CONVERSION = YES;
				CLANG_WARN_DEPRECATED_OBJC_IMPLEMENTATIONS = YES;
				CLANG_WARN_EMPTY_BODY = YES;
				CLANG_WARN_ENUM_CONVERSION = YES;
				CLANG_WARN_INFINITE_RECURSION = YES;
				CLANG_WARN_INT_CONVERSION = YES;
				CLANG_WARN_NON_LITERAL_NULL_CONVERSION = YES;
				CLANG_WARN_OBJC_IMPLICIT_RETAIN_SELF = YES;
				CLANG_WARN_OBJC_LITERAL_CONVERSION = YES;
				CLANG_WARN_RANGE_LOOP_ANALYSIS = YES;
				CLANG_WARN_STRICT_PROTOTYPES = YES;
				CLANG_WARN_SUSPICIOUS_MOVE = YES;
				CLANG_WARN_UNREACHABLE_CODE = YES;
				CLANG_WARN__DUPLICATE_METHOD_MATCH = YES;
				CODE_SIGN_IDENTITY = "";
				DEBUG_INFORMATION_FORMAT = dwarf;
				ENABLE_STRICT_OBJC_MSGSEND = YES;
				ENABLE_TESTABILITY = NO;
				GCC_C_LANGUAGE_STANDARD = c11;
				GCC_INLINES_ARE_PRIVATE_EXTERN = YES;
				GCC_MODEL_TUNING = G5;
				GCC_NO_COMMON_BLOCKS = YES;
				GCC_SYMBOLS_PRIVATE_EXTERN = YES;
				GCC_WARN_64_TO_32_BIT_CONVERSION = YES;
				GCC_WARN_ABOUT_RETURN_TYPE = YES;
				GCC_WARN_CHECK_SWITCH_STATEMENTS = YES;
				GCC_WARN_MISSING_PARENTHESES = YES;
				GCC_WARN_NON_VIRTUAL_DESTRUCTOR = YES;
				GCC_WARN_TYPECHECK_CALLS_TO_PRINTF = YES;
				GCC_WARN_UNDECLARED_SELECTOR = YES;
				GCC_WARN_UNINITIALIZED_AUTOS = YES;
				GCC_WARN_UNUSED_FUNCTION = YES;
				GCC_WARN_UNUSED_VARIABLE = YES;
				ONLY_ACTIVE_ARCH = YES;
				PRODUCT_NAME = "PdRemote";
				SDKROOT = macosx;
				WARNING_CFLAGS = "-Wreorder";
				ZERO_LINK = NO;
			};
			name = Debug;
		};
		481F048E052DD68FB35E0788 /* Release */ = {
			isa = XCBuildConfiguration;
			buildSettings = {
				CLANG_CXX_LANGUAGE_STANDARD = "c++14";
				CLANG_CXX_LIBRARY = "libc++";
				CLANG_LINK_OBJC_RUNTIME = NO;
				CODE_SIGN_IDENTITY = "";
				COMBINE_HIDPI_IMAGES = YES;
				CONFIGURATION_BUILD_DIR = "$(PROJECT_DIR)/build/$(CONFIGURATION)";
				DEAD_CODE_STRIPPING = YES;
				EXCLUDED_ARCHS = "";
				GCC_GENERATE_DEBUGGING_SYMBOLS = NO;
				GCC_OPTIMIZATION_LEVEL = 3;
				GCC_PREPROCESSOR_DEFINITIONS = (
					"_NDEBUG=1",
					"NDEBUG=1",
					"JUCE_DISPLAY_SPLASH_SCREEN=0",
					"JUCE_USE_DARK_SPLASH_SCREEN=1",
					"JUCE_PROJUCER_VERSION=0x60106",
					"JUCE_MODULE_AVAILABLE_juce_audio_basics=1",
					"JUCE_MODULE_AVAILABLE_juce_audio_devices=1",
					"JUCE_MODULE_AVAILABLE_juce_audio_formats=1",
					"JUCE_MODULE_AVAILABLE_juce_audio_processors=1",
					"JUCE_MODULE_AVAILABLE_juce_audio_utils=1",
					"JUCE_MODULE_AVAILABLE_juce_core=1",
					"JUCE_MODULE_AVAILABLE_juce_data_structures=1",
					"JUCE_MODULE_AVAILABLE_juce_events=1",
					"JUCE_MODULE_AVAILABLE_juce_graphics=1",
					"JUCE_MODULE_AVAILABLE_juce_gui_basics=1",
					"JUCE_MODULE_AVAILABLE_juce_gui_extra=1",
					"JUCE_GLOBAL_MODULE_SETTINGS_INCLUDED=1",
					"JUCE_STRICT_REFCOUNTEDPOINTER=1",
					"JUCE_STANDALONE_APPLICATION=1",
					"JUCER_XCODE_MAC_F6D2F4CF=1",
					"JUCE_APP_VERSION=1.0.0",
					"JUCE_APP_VERSION_HEX=0x10000",
					"JucePlugin_Build_VST=0",
					"JucePlugin_Build_VST3=0",
					"JucePlugin_Build_AU=0",
					"JucePlugin_Build_AUv3=0",
					"JucePlugin_Build_RTAS=0",
					"JucePlugin_Build_AAX=0",
					"JucePlugin_Build_Standalone=0",
					"JucePlugin_Build_Unity=0",
				);
				GCC_VERSION = com.apple.compilers.llvm.clang.1_0;
				HEADER_SEARCH_PATHS = (
					"$(SRCROOT)/../../JuceLibraryCode",
					"$(HOME)/JUCE/modules",
					"$(inherited)",
				);
				INFOPLIST_FILE = Info-App.plist;
				INFOPLIST_PREPROCESS = NO;
				INSTALL_PATH = "$(HOME)/Applications";
				LLVM_LTO = YES;
				MACOSX_DEPLOYMENT_TARGET = 10.11;
				MTL_HEADER_SEARCH_PATHS = "$(SRCROOT)/../../JuceLibraryCode $(HOME)/JUCE/modules";
				PRODUCT_BUNDLE_IDENTIFIER = com.yourcompany.PdRemote;
				PRODUCT_NAME = "PdRemote";
				USE_HEADERMAP = NO;
				VALID_ARCHS = "i386 x86_64 arm64 arm64e";
			};
			name = Release;
		};
		9FECDB33B29177DAAA676C35 /* Debug */ = {
			isa = XCBuildConfiguration;
			buildSettings = {
				CLANG_CXX_LANGUAGE_STANDARD = "c++14";
				CLANG_CXX_LIBRARY = "libc++";
				CLANG_LINK_OBJC_RUNTIME = NO;
				CODE_SIGN_IDENTITY = "";
				COMBINE_HIDPI_IMAGES = YES;
				CONFIGURATION_BUILD_DIR = "$(PROJECT_DIR)/build/$(CONFIGURATION)";
				COPY_PHASE_STRIP = NO;
				EXCLUDED_ARCHS = "";
				GCC_DYNAMIC_NO_PIC = NO;
				GCC_OPTIMIZATION_LEVEL = 0;
				GCC_PREPROCESSOR_DEFINITIONS = (
					"_DEBUG=1",
					"DEBUG=1",
					"JUCE_DISPLAY_SPLASH_SCREEN=0",
					"JUCE_USE_DARK_SPLASH_SCREEN=1",
					"JUCE_PROJUCER_VERSION=0x60106",
					"JUCE_MODULE_AVAILABLE_juce_audio_basics=1",
					"JUCE_MODULE_AVAILABLE_juce_audio_devices=1",
					"JUCE_MODULE_AVAILABLE_juce_audio_formats=1",
					"JUCE_MODULE_AVAILABLE_juce_audio_processors=1",
					"JUCE_MODULE_AVAILABLE_juce_audio_utils=1",
					"JUCE_MODULE_AVAILABLE_juce_core=1",
					"JUCE_MODULE_AVAILABLE_juce_data_structures=1",
					"JUCE_MODULE_AVAILABLE_juce_events=1",
					"JUCE_MODULE_AVAILABLE_juce_graphics=1",
					"JUCE_MODULE_AVAILABLE_juce_gui_basics=1",
					"JUCE_MODULE_AVAILABLE_juce_gui_extra=1",
					"JUCE_GLOBAL_MODULE_SETTINGS_INCLUDED=1",
					"JUCE_STRICT_REFCOUNTEDPOINTER=1",
					"JUCE_STANDALONE_APPLICATION=1",
					"JUCER_XCODE_MAC_F6D2F4CF=1",
					"JUCE_APP_VERSION=1.0.0",
					"JUCE_APP_VERSION_HEX=0x10000",
					"JucePlugin_Build_VST=0",
					"JucePlugin_Build_VST3=0",
					"JucePlugin_Build_AU=0",
					"JucePlugin_Build_AUv3=0",
					"JucePlugin_Build_RTAS=0",
					"JucePlugin_Build_AAX=0",
					"JucePlugin_Build_Standalone=0",
					"JucePlugin_Build_Unity=0",
				);
				GCC_VERSION = com.apple.compilers.llvm.clang.1_0;
				HEADER_SEARCH_PATHS = (
					"$(SRCROOT)/../../JuceLibraryCode",
					"$(HOME)/JUCE/modules",
					"$(inherited)",
				);
				INFOPLIST_FILE = Info-App.plist;
				INFOPLIST_PREPROCESS = NO;
				INSTALL_PATH = "$(HOME)/Applications";
				MACOSX_DEPLOYMENT_TARGET = 10.11;
				MTL_HEADER_SEARCH_PATHS = "$(SRCROOT)/../../JuceLibraryCode $(HOME)/JUCE/modules";
				PRODUCT_BUNDLE_IDENTIFIER = com.yourcompany.PdRemote;
				PRODUCT_NAME = "PdRemote";
				USE_HEADERMAP = NO;
				VALID_ARCHS = "i386 x86_64 arm64 arm64e";
			};
			name = Debug;
		};
		D4A73DD923C91F198C2BBB37 /* Release */ = {
			isa = XCBuildConfiguration;
			buildSettings = {
				ALWAYS_SEARCH_USER_PATHS = NO;
				CLANG_ENABLE_OBJC_WEAK = YES;
				CLANG_WARN_BLOCK_CAPTURE_AUTORELEASING = YES;
				CLANG_WARN_BOOL_CONVERSION = YES;
				CLANG_WARN_COMMA = YES;
				CLANG_WARN_CONSTANT_CONVERSION = YES;
				CLANG_WARN_DEPRECATED_OBJC_IMPLEMENTATIONS = YES;
				CLANG_WARN_EMPTY_BODY = YES;
				CLANG_WARN_ENUM_CONVERSION = YES;
				CLANG_WARN_INFINITE_RECURSION = YES;
				CLANG_WARN_INT_CONVERSION = YES;
				CLANG_WARN_NON_LITERAL_NULL_CONVERSION = YES;
				CLANG_WARN_OBJC_IMPLICIT_RETAIN_SELF = YES;
				CLANG_WARN_OBJC_LITERAL_CONVERSION = YES;
				CLANG_WARN_RANGE_LOOP_ANALYSIS = YES;
				CLANG_WARN_STRICT_PROTOTYPES = YES;
				CLANG_WARN_SUSPICIOUS_MOVE = YES;
				CLANG_WARN_UNREACHABLE_CODE = YES;
				CLANG_WARN__DUPLICATE_METHOD_MATCH = YES;
				CODE_SIGN_IDENTITY = "";
				DEBUG_INFORMATION_FORMAT = dwarf;
				ENABLE_STRICT_OBJC_MSGSEND = YES;
				ENABLE_TESTABILITY = NO;
				GCC_C_LANGUAGE_STANDARD = c11;
				GCC_INLINES_ARE_PRIVATE_EXTERN = YES;
				GCC_MODEL_TUNING = G5;
				GCC_NO_COMMON_BLOCKS = YES;
				GCC_SYMBOLS_PRIVATE_EXTERN = YES;
				GCC_WARN_64_TO_32_BIT_CONVERSION = YES;
				GCC_WARN_ABOUT_RETURN_TYPE = YES;
				GCC_WARN_CHECK_SWITCH_STATEMENTS = YES;
				GCC_WARN_MISSING_PARENTHESES = YES;
				GCC_WARN_NON_VIRTUAL_DESTRUCTOR = YES;
				GCC_WARN_TYPECHECK_CALLS_TO_PRINTF = YES;
				GCC_WARN_UNDECLARED_SELECTOR = YES;
				GCC_WARN_UNINITIALIZED_AUTOS = YES;
				GCC_WARN_UNUSED_FUNCTION = YES;
				GCC_WARN_UNUSED_VARIABLE = YES;
				PRODUCT_NAME = "PdRemote";
				SDKROOT = macosx;
				WARNING_CFLAGS = "-Wreorder";
				ZERO_LINK = NO;
			};
			name = Release;
		};
/* End XCBuildConfiguration section */

/* Begin XCConfigurationList section */
		AA958E4A3CDF31A6981CE0CA = {
			isa = XCConfigurationList;
			buildConfigurations = (
				468830AF00845E36A9818A96,
				D4A73DD923C91F198C2BBB37,
			);
			defaultConfigurationIsVisible = 0;
			defaultConfigurationName = Debug;
		};
		B984615E01068A4BD8CBC1D5 = {
			isa = XCConfigurationList;
			buildConfigurations = (
				9FECDB33B29177DAAA676C35,
				481F048E052DD68FB35E0788,
			);
			defaultConfigurationIsVisible = 0;
			defaultConfigurationName = Debug;
		};
/* End XCConfigurationList section */
	};
	rootObject = FD161352B9DF10A51F798543 /* Project object */;
}
